
Microsoft Visual Studio Solution File, Format Version 12.00
# Visual Studio Version 17
VisualStudioVersion = 17.2.32414.248
MinimumVisualStudioVersion = 10.0.40219.1
Project("{FAE04EC0-301F-11D3-BF4B-00C04F79EFBC}") = "RayTracer", "RayTracer.csproj", "{EE38E469-192D-4F2F-ABB0-36A982FFBDC5}"
EndProject
Global
	GlobalSection(SolutionConfigurationPlatforms) = preSolution
		Debug|Any CPU = Debug|Any CPU
		Release|Any CPU = Release|Any CPU
	EndGlobalSection
	GlobalSection(ProjectConfigurationPlatforms) = postSolution
		{EE38E469-192D-4F2F-ABB0-36A982FFBDC5}.Debug|Any CPU.ActiveCfg = Debug|Any CPU
		{EE38E469-192D-4F2F-ABB0-36A982FFBDC5}.Debug|Any CPU.Build.0 = Debug|Any CPU
		{EE38E469-192D-4F2F-ABB0-36A982FFBDC5}.Release|Any CPU.ActiveCfg = Release|Any CPU
		{EE38E469-192D-4F2F-ABB0-36A982FFBDC5}.Release|Any CPU.Build.0 = Release|Any CPU
	EndGlobalSection
	GlobalSection(SolutionProperties) = preSolution
		HideSolutionNode = FALSE
	EndGlobalSection
	GlobalSection(ExtensibilityGlobals) = postSolution
		SolutionGuid = {6E4180B0-4987-4F07-B7DC-E18B65C2C091}
	EndGlobalSection
EndGlobal
